// !$*UTF8*$!
{
	archiveVersion = 1;
	classes = {
	};
	objectVersion = 46;
	objects = {

/* Begin PBXBuildFile section */
		4C003AF11B799305007DEFC8 /* AppDelegate.swift in Sources */ = {isa = PBXBuildFile; fileRef = 4C003AF01B799305007DEFC8 /* AppDelegate.swift */; };
		4C003AF31B799305007DEFC8 /* MapViewController.swift in Sources */ = {isa = PBXBuildFile; fileRef = 4C003AF21B799305007DEFC8 /* MapViewController.swift */; };
		4C003AF81B799305007DEFC8 /* Images.xcassets in Resources */ = {isa = PBXBuildFile; fileRef = 4C003AF71B799305007DEFC8 /* Images.xcassets */; };
		4C003AFB1B799305007DEFC8 /* LaunchScreen.xib in Resources */ = {isa = PBXBuildFile; fileRef = 4C003AF91B799305007DEFC8 /* LaunchScreen.xib */; };
		4C003B071B799305007DEFC8 /* VirtualTouristTests.swift in Sources */ = {isa = PBXBuildFile; fileRef = 4C003B061B799305007DEFC8 /* VirtualTouristTests.swift */; };
		4C003B111B7993BA007DEFC8 /* PhotoAlbumViewController.swift in Sources */ = {isa = PBXBuildFile; fileRef = 4C003B101B7993BA007DEFC8 /* PhotoAlbumViewController.swift */; };
		4C003B161B799437007DEFC8 /* Pin.swift in Sources */ = {isa = PBXBuildFile; fileRef = 4C003B151B799437007DEFC8 /* Pin.swift */; };
		4C003B181B79945B007DEFC8 /* Photo.swift in Sources */ = {isa = PBXBuildFile; fileRef = 4C003B171B79945B007DEFC8 /* Photo.swift */; };
		4C003B1D1B799508007DEFC8 /* CoreDataStack.swift in Sources */ = {isa = PBXBuildFile; fileRef = 4C003B1C1B799508007DEFC8 /* CoreDataStack.swift */; };
		4C003B1F1B79952C007DEFC8 /* Constants.swift in Sources */ = {isa = PBXBuildFile; fileRef = 4C003B1E1B79952C007DEFC8 /* Constants.swift */; };
		4C003B211B79955D007DEFC8 /* FlickrAPI.swift in Sources */ = {isa = PBXBuildFile; fileRef = 4C003B201B79955D007DEFC8 /* FlickrAPI.swift */; };
		4C003B241B7AC701007DEFC8 /* Model.xcdatamodeld in Sources */ = {isa = PBXBuildFile; fileRef = 4C003B221B7AC701007DEFC8 /* Model.xcdatamodeld */; };
		4C003B261B7AE4E2007DEFC8 /* Main.storyboard in Resources */ = {isa = PBXBuildFile; fileRef = 4C003B251B7AE4E2007DEFC8 /* Main.storyboard */; };
		4C1C1C1B1B7C32EC002E3BF5 /* CustomPhotoAlbumCell.swift in Sources */ = {isa = PBXBuildFile; fileRef = 4C1C1C1A1B7C32EC002E3BF5 /* CustomPhotoAlbumCell.swift */; };
		4C1C1C1D1B7D8CA1002E3BF5 /* ImageCache.swift in Sources */ = {isa = PBXBuildFile; fileRef = 4C1C1C1C1B7D8CA1002E3BF5 /* ImageCache.swift */; };
		4C9296861B82C1E400B1BF4C /* MapKit.framework in Frameworks */ = {isa = PBXBuildFile; fileRef = 4C9296851B82C1E400B1BF4C /* MapKit.framework */; };
/* End PBXBuildFile section */

/* Begin PBXContainerItemProxy section */
		4C003B011B799305007DEFC8 /* PBXContainerItemProxy */ = {
			isa = PBXContainerItemProxy;
			containerPortal = 4C003AE31B799305007DEFC8 /* Project object */;
			proxyType = 1;
			remoteGlobalIDString = 4C003AEA1B799305007DEFC8;
			remoteInfo = VirtualTourist;
		};
/* End PBXContainerItemProxy section */

/* Begin PBXFileReference section */
		4C003AEB1B799305007DEFC8 /* VirtualTourist.app */ = {isa = PBXFileReference; explicitFileType = wrapper.application; includeInIndex = 0; path = VirtualTourist.app; sourceTree = BUILT_PRODUCTS_DIR; };
		4C003AEF1B799305007DEFC8 /* Info.plist */ = {isa = PBXFileReference; lastKnownFileType = text.plist.xml; path = Info.plist; sourceTree = "<group>"; };
		4C003AF01B799305007DEFC8 /* AppDelegate.swift */ = {isa = PBXFileReference; lastKnownFileType = sourcecode.swift; path = AppDelegate.swift; sourceTree = "<group>"; };
		4C003AF21B799305007DEFC8 /* MapViewController.swift */ = {isa = PBXFileReference; lastKnownFileType = sourcecode.swift; path = MapViewController.swift; sourceTree = "<group>"; };
		4C003AF71B799305007DEFC8 /* Images.xcassets */ = {isa = PBXFileReference; lastKnownFileType = folder.assetcatalog; path = Images.xcassets; sourceTree = "<group>"; };
		4C003AFA1B799305007DEFC8 /* Base */ = {isa = PBXFileReference; lastKnownFileType = file.xib; name = Base; path = Base.lproj/LaunchScreen.xib; sourceTree = "<group>"; };
		4C003B001B799305007DEFC8 /* VirtualTouristTests.xctest */ = {isa = PBXFileReference; explicitFileType = wrapper.cfbundle; includeInIndex = 0; path = VirtualTouristTests.xctest; sourceTree = BUILT_PRODUCTS_DIR; };
		4C003B051B799305007DEFC8 /* Info.plist */ = {isa = PBXFileReference; lastKnownFileType = text.plist.xml; path = Info.plist; sourceTree = "<group>"; };
		4C003B061B799305007DEFC8 /* VirtualTouristTests.swift */ = {isa = PBXFileReference; lastKnownFileType = sourcecode.swift; path = VirtualTouristTests.swift; sourceTree = "<group>"; };
		4C003B101B7993BA007DEFC8 /* PhotoAlbumViewController.swift */ = {isa = PBXFileReference; fileEncoding = 4; lastKnownFileType = sourcecode.swift; path = PhotoAlbumViewController.swift; sourceTree = "<group>"; };
		4C003B151B799437007DEFC8 /* Pin.swift */ = {isa = PBXFileReference; fileEncoding = 4; lastKnownFileType = sourcecode.swift; path = Pin.swift; sourceTree = "<group>"; };
		4C003B171B79945B007DEFC8 /* Photo.swift */ = {isa = PBXFileReference; fileEncoding = 4; lastKnownFileType = sourcecode.swift; path = Photo.swift; sourceTree = "<group>"; };
		4C003B1C1B799508007DEFC8 /* CoreDataStack.swift */ = {isa = PBXFileReference; fileEncoding = 4; lastKnownFileType = sourcecode.swift; path = CoreDataStack.swift; sourceTree = "<group>"; };
		4C003B1E1B79952C007DEFC8 /* Constants.swift */ = {isa = PBXFileReference; fileEncoding = 4; lastKnownFileType = sourcecode.swift; path = Constants.swift; sourceTree = "<group>"; };
		4C003B201B79955D007DEFC8 /* FlickrAPI.swift */ = {isa = PBXFileReference; fileEncoding = 4; lastKnownFileType = sourcecode.swift; path = FlickrAPI.swift; sourceTree = "<group>"; };
		4C003B231B7AC701007DEFC8 /* Model.xcdatamodel */ = {isa = PBXFileReference; lastKnownFileType = wrapper.xcdatamodel; path = Model.xcdatamodel; sourceTree = "<group>"; };
		4C003B251B7AE4E2007DEFC8 /* Main.storyboard */ = {isa = PBXFileReference; fileEncoding = 4; lastKnownFileType = file.storyboard; path = Main.storyboard; sourceTree = "<group>"; };
		4C1C1C1A1B7C32EC002E3BF5 /* CustomPhotoAlbumCell.swift */ = {isa = PBXFileReference; fileEncoding = 4; lastKnownFileType = sourcecode.swift; path = CustomPhotoAlbumCell.swift; sourceTree = "<group>"; };
		4C1C1C1C1B7D8CA1002E3BF5 /* ImageCache.swift */ = {isa = PBXFileReference; fileEncoding = 4; lastKnownFileType = sourcecode.swift; path = ImageCache.swift; sourceTree = "<group>"; };
		4C9296851B82C1E400B1BF4C /* MapKit.framework */ = {isa = PBXFileReference; lastKnownFileType = wrapper.framework; name = MapKit.framework; path = System/Library/Frameworks/MapKit.framework; sourceTree = SDKROOT; };
/* End PBXFileReference section */

/* Begin PBXFrameworksBuildPhase section */
		4C003AE81B799305007DEFC8 /* Frameworks */ = {
			isa = PBXFrameworksBuildPhase;
			buildActionMask = 2147483647;
			files = (
				4C9296861B82C1E400B1BF4C /* MapKit.framework in Frameworks */,
			);
			runOnlyForDeploymentPostprocessing = 0;
		};
		4C003AFD1B799305007DEFC8 /* Frameworks */ = {
			isa = PBXFrameworksBuildPhase;
			buildActionMask = 2147483647;
			files = (
			);
			runOnlyForDeploymentPostprocessing = 0;
		};
/* End PBXFrameworksBuildPhase section */

/* Begin PBXGroup section */
		4C003AE21B799305007DEFC8 = {
			isa = PBXGroup;
			children = (
				4C9296851B82C1E400B1BF4C /* MapKit.framework */,
				4C003AED1B799305007DEFC8 /* VirtualTourist */,
				4C003B031B799305007DEFC8 /* VirtualTouristTests */,
				4C003AEC1B799305007DEFC8 /* Products */,
			);
			sourceTree = "<group>";
		};
		4C003AEC1B799305007DEFC8 /* Products */ = {
			isa = PBXGroup;
			children = (
				4C003AEB1B799305007DEFC8 /* VirtualTourist.app */,
				4C003B001B799305007DEFC8 /* VirtualTouristTests.xctest */,
			);
			name = Products;
			sourceTree = "<group>";
		};
		4C003AED1B799305007DEFC8 /* VirtualTourist */ = {
			isa = PBXGroup;
			children = (
				4C003B121B7993E5007DEFC8 /* Model */,
				4C003B141B7993F5007DEFC8 /* Controller */,
				4C003B131B7993ED007DEFC8 /* View */,
				4C003AF01B799305007DEFC8 /* AppDelegate.swift */,
				4C003AF71B799305007DEFC8 /* Images.xcassets */,
				4C003AF91B799305007DEFC8 /* LaunchScreen.xib */,
				4C003AEE1B799305007DEFC8 /* Supporting Files */,
			);
			path = VirtualTourist;
			sourceTree = "<group>";
		};
		4C003AEE1B799305007DEFC8 /* Supporting Files */ = {
			isa = PBXGroup;
			children = (
				4C003AEF1B799305007DEFC8 /* Info.plist */,
			);
			name = "Supporting Files";
			sourceTree = "<group>";
		};
		4C003B031B799305007DEFC8 /* VirtualTouristTests */ = {
			isa = PBXGroup;
			children = (
				4C003B061B799305007DEFC8 /* VirtualTouristTests.swift */,
				4C003B041B799305007DEFC8 /* Supporting Files */,
			);
			path = VirtualTouristTests;
			sourceTree = "<group>";
		};
		4C003B041B799305007DEFC8 /* Supporting Files */ = {
			isa = PBXGroup;
			children = (
				4C003B051B799305007DEFC8 /* Info.plist */,
			);
			name = "Supporting Files";
			sourceTree = "<group>";
		};
		4C003B121B7993E5007DEFC8 /* Model */ = {
			isa = PBXGroup;
			children = (
				4C003B1B1B7994C2007DEFC8 /* DataModel */,
				4C003B1A1B799489007DEFC8 /* VirtualTouristModels */,
				4C003B191B799479007DEFC8 /* FlickrAPI */,
			);
			name = Model;
			sourceTree = "<group>";
		};
		4C003B131B7993ED007DEFC8 /* View */ = {
			isa = PBXGroup;
			children = (
				4C003B251B7AE4E2007DEFC8 /* Main.storyboard */,
				4C1C1C1A1B7C32EC002E3BF5 /* CustomPhotoAlbumCell.swift */,
			);
			name = View;
			sourceTree = "<group>";
		};
		4C003B141B7993F5007DEFC8 /* Controller */ = {
			isa = PBXGroup;
			children = (
				4C003AF21B799305007DEFC8 /* MapViewController.swift */,
				4C003B101B7993BA007DEFC8 /* PhotoAlbumViewController.swift */,
			);
			name = Controller;
			sourceTree = "<group>";
		};
		4C003B191B799479007DEFC8 /* FlickrAPI */ = {
			isa = PBXGroup;
			children = (
				4C003B1E1B79952C007DEFC8 /* Constants.swift */,
				4C003B201B79955D007DEFC8 /* FlickrAPI.swift */,
			);
			name = FlickrAPI;
			sourceTree = "<group>";
		};
		4C003B1A1B799489007DEFC8 /* VirtualTouristModels */ = {
			isa = PBXGroup;
			children = (
				4C003B151B799437007DEFC8 /* Pin.swift */,
				4C003B171B79945B007DEFC8 /* Photo.swift */,
			);
			name = VirtualTouristModels;
			sourceTree = "<group>";
		};
		4C003B1B1B7994C2007DEFC8 /* DataModel */ = {
			isa = PBXGroup;
			children = (
				4C003B1C1B799508007DEFC8 /* CoreDataStack.swift */,
				4C003B221B7AC701007DEFC8 /* Model.xcdatamodeld */,
				4C1C1C1C1B7D8CA1002E3BF5 /* ImageCache.swift */,
			);
			name = DataModel;
			sourceTree = "<group>";
		};
/* End PBXGroup section */

/* Begin PBXNativeTarget section */
		4C003AEA1B799305007DEFC8 /* VirtualTourist */ = {
			isa = PBXNativeTarget;
			buildConfigurationList = 4C003B0A1B799305007DEFC8 /* Build configuration list for PBXNativeTarget "VirtualTourist" */;
			buildPhases = (
				4C003AE71B799305007DEFC8 /* Sources */,
				4C003AE81B799305007DEFC8 /* Frameworks */,
				4C003AE91B799305007DEFC8 /* Resources */,
			);
			buildRules = (
			);
			dependencies = (
			);
			name = VirtualTourist;
			productName = VirtualTourist;
			productReference = 4C003AEB1B799305007DEFC8 /* VirtualTourist.app */;
			productType = "com.apple.product-type.application";
		};
		4C003AFF1B799305007DEFC8 /* VirtualTouristTests */ = {
			isa = PBXNativeTarget;
			buildConfigurationList = 4C003B0D1B799305007DEFC8 /* Build configuration list for PBXNativeTarget "VirtualTouristTests" */;
			buildPhases = (
				4C003AFC1B799305007DEFC8 /* Sources */,
				4C003AFD1B799305007DEFC8 /* Frameworks */,
				4C003AFE1B799305007DEFC8 /* Resources */,
			);
			buildRules = (
			);
			dependencies = (
				4C003B021B799305007DEFC8 /* PBXTargetDependency */,
			);
			name = VirtualTouristTests;
			productName = VirtualTouristTests;
			productReference = 4C003B001B799305007DEFC8 /* VirtualTouristTests.xctest */;
			productType = "com.apple.product-type.bundle.unit-test";
		};
/* End PBXNativeTarget section */

/* Begin PBXProject section */
		4C003AE31B799305007DEFC8 /* Project object */ = {
			isa = PBXProject;
			attributes = {
				LastUpgradeCheck = 0640;
				ORGANIZATIONNAME = "Michael Nichols";
				TargetAttributes = {
					4C003AEA1B799305007DEFC8 = {
						CreatedOnToolsVersion = 6.4;
						SystemCapabilities = {
							com.apple.Maps.iOS = {
								enabled = 1;
							};
						};
					};
					4C003AFF1B799305007DEFC8 = {
						CreatedOnToolsVersion = 6.4;
						TestTargetID = 4C003AEA1B799305007DEFC8;
					};
				};
			};
			buildConfigurationList = 4C003AE61B799305007DEFC8 /* Build configuration list for PBXProject "VirtualTourist" */;
			compatibilityVersion = "Xcode 3.2";
			developmentRegion = English;
			hasScannedForEncodings = 0;
			knownRegions = (
				en,
				Base,
			);
			mainGroup = 4C003AE21B799305007DEFC8;
			productRefGroup = 4C003AEC1B799305007DEFC8 /* Products */;
			projectDirPath = "";
			projectRoot = "";
			targets = (
				4C003AEA1B799305007DEFC8 /* VirtualTourist */,
				4C003AFF1B799305007DEFC8 /* VirtualTouristTests */,
			);
		};
/* End PBXProject section */

/* Begin PBXResourcesBuildPhase section */
		4C003AE91B799305007DEFC8 /* Resources */ = {
			isa = PBXResourcesBuildPhase;
			buildActionMask = 2147483647;
			files = (
				4C003B261B7AE4E2007DEFC8 /* Main.storyboard in Resources */,
				4C003AFB1B799305007DEFC8 /* LaunchScreen.xib in Resources */,
				4C003AF81B799305007DEFC8 /* Images.xcassets in Resources */,
			);
			runOnlyForDeploymentPostprocessing = 0;
		};
		4C003AFE1B799305007DEFC8 /* Resources */ = {
			isa = PBXResourcesBuildPhase;
			buildActionMask = 2147483647;
			files = (
			);
			runOnlyForDeploymentPostprocessing = 0;
		};
/* End PBXResourcesBuildPhase section */

/* Begin PBXSourcesBuildPhase section */
		4C003AE71B799305007DEFC8 /* Sources */ = {
			isa = PBXSourcesBuildPhase;
			buildActionMask = 2147483647;
			files = (
				4C1C1C1D1B7D8CA1002E3BF5 /* ImageCache.swift in Sources */,
				4C003AF31B799305007DEFC8 /* MapViewController.swift in Sources */,
				4C003AF11B799305007DEFC8 /* AppDelegate.swift in Sources */,
				4C003B111B7993BA007DEFC8 /* PhotoAlbumViewController.swift in Sources */,
				4C1C1C1B1B7C32EC002E3BF5 /* CustomPhotoAlbumCell.swift in Sources */,
				4C003B1D1B799508007DEFC8 /* CoreDataStack.swift in Sources */,
				4C003B1F1B79952C007DEFC8 /* Constants.swift in Sources */,
				4C003B241B7AC701007DEFC8 /* Model.xcdatamodeld in Sources */,
				4C003B161B799437007DEFC8 /* Pin.swift in Sources */,
				4C003B181B79945B007DEFC8 /* Photo.swift in Sources */,
				4C003B211B79955D007DEFC8 /* FlickrAPI.swift in Sources */,
			);
			runOnlyForDeploymentPostprocessing = 0;
		};
		4C003AFC1B799305007DEFC8 /* Sources */ = {
			isa = PBXSourcesBuildPhase;
			buildActionMask = 2147483647;
			files = (
				4C003B071B799305007DEFC8 /* VirtualTouristTests.swift in Sources */,
			);
			runOnlyForDeploymentPostprocessing = 0;
		};
/* End PBXSourcesBuildPhase section */

/* Begin PBXTargetDependency section */
		4C003B021B799305007DEFC8 /* PBXTargetDependency */ = {
			isa = PBXTargetDependency;
			target = 4C003AEA1B799305007DEFC8 /* VirtualTourist */;
			targetProxy = 4C003B011B799305007DEFC8 /* PBXContainerItemProxy */;
		};
/* End PBXTargetDependency section */

/* Begin PBXVariantGroup section */
		4C003AF91B799305007DEFC8 /* LaunchScreen.xib */ = {
			isa = PBXVariantGroup;
			children = (
				4C003AFA1B799305007DEFC8 /* Base */,
			);
			name = LaunchScreen.xib;
			sourceTree = "<group>";
		};
/* End PBXVariantGroup section */

/* Begin XCBuildConfiguration section */
		4C003B081B799305007DEFC8 /* Debug */ = {
			isa = XCBuildConfiguration;
			buildSettings = {
				ALWAYS_SEARCH_USER_PATHS = NO;
				CLANG_CXX_LANGUAGE_STANDARD = "gnu++0x";
				CLANG_CXX_LIBRARY = "libc++";
				CLANG_ENABLE_MODULES = YES;
				CLANG_ENABLE_OBJC_ARC = YES;
				CLANG_WARN_BOOL_CONVERSION = YES;
				CLANG_WARN_CONSTANT_CONVERSION = YES;
				CLANG_WARN_DIRECT_OBJC_ISA_USAGE = YES_ERROR;
				CLANG_WARN_EMPTY_BODY = YES;
				CLANG_WARN_ENUM_CONVERSION = YES;
				CLANG_WARN_INT_CONVERSION = YES;
				CLANG_WARN_OBJC_ROOT_CLASS = YES_ERROR;
				CLANG_WARN_UNREACHABLE_CODE = YES;
				CLANG_WARN__DUPLICATE_METHOD_MATCH = YES;
				"CODE_SIGN_IDENTITY[sdk=iphoneos*]" = "iPhone Developer";
				COPY_PHASE_STRIP = NO;
				DEBUG_INFORMATION_FORMAT = "dwarf-with-dsym";
				ENABLE_STRICT_OBJC_MSGSEND = YES;
				GCC_C_LANGUAGE_STANDARD = gnu99;
				GCC_DYNAMIC_NO_PIC = NO;
				GCC_NO_COMMON_BLOCKS = YES;
				GCC_OPTIMIZATION_LEVEL = 0;
				GCC_PREPROCESSOR_DEFINITIONS = (
					"DEBUG=1",
					"$(inherited)",
				);
				GCC_SYMBOLS_PRIVATE_EXTERN = NO;
				GCC_WARN_64_TO_32_BIT_CONVERSION = YES;
				GCC_WARN_ABOUT_RETURN_TYPE = YES_ERROR;
				GCC_WARN_UNDECLARED_SELECTOR = YES;
				GCC_WARN_UNINITIALIZED_AUTOS = YES_AGGRESSIVE;
				GCC_WARN_UNUSED_FUNCTION = YES;
				GCC_WARN_UNUSED_VARIABLE = YES;
				IPHONEOS_DEPLOYMENT_TARGET = 8.4;
				MTL_ENABLE_DEBUG_INFO = YES;
				ONLY_ACTIVE_ARCH = YES;
				SDKROOT = iphoneos;
				SWIFT_OPTIMIZATION_LEVEL = "-Onone";
			};
			name = Debug;
		};
		4C003B091B799305007DEFC8 /* Release */ = {
			isa = XCBuildConfiguration;
			buildSettings = {
				ALWAYS_SEARCH_USER_PATHS = NO;
				CLANG_CXX_LANGUAGE_STANDARD = "gnu++0x";
				CLANG_CXX_LIBRARY = "libc++";
				CLANG_ENABLE_MODULES = YES;
				CLANG_ENABLE_OBJC_ARC = YES;
				CLANG_WARN_BOOL_CONVERSION = YES;
				CLANG_WARN_CONSTANT_CONVERSION = YES;
				CLANG_WARN_DIRECT_OBJC_ISA_USAGE = YES_ERROR;
				CLANG_WARN_EMPTY_BODY = YES;
				CLANG_WARN_ENUM_CONVERSION = YES;
				CLANG_WARN_INT_CONVERSION = YES;
				CLANG_WARN_OBJC_ROOT_CLASS = YES_ERROR;
				CLANG_WARN_UNREACHABLE_CODE = YES;
				CLANG_WARN__DUPLICATE_METHOD_MATCH = YES;
				"CODE_SIGN_IDENTITY[sdk=iphoneos*]" = "iPhone Developer";
				COPY_PHASE_STRIP = NO;
				DEBUG_INFORMATION_FORMAT = "dwarf-with-dsym";
				ENABLE_NS_ASSERTIONS = NO;
				ENABLE_STRICT_OBJC_MSGSEND = YES;
				GCC_C_LANGUAGE_STANDARD = gnu99;
				GCC_NO_COMMON_BLOCKS = YES;
				GCC_WARN_64_TO_32_BIT_CONVERSION = YES;
				GCC_WARN_ABOUT_RETURN_TYPE = YES_ERROR;
				GCC_WARN_UNDECLARED_SELECTOR = YES;
				GCC_WARN_UNINITIALIZED_AUTOS = YES_AGGRESSIVE;
				GCC_WARN_UNUSED_FUNCTION = YES;
				GCC_WARN_UNUSED_VARIABLE = YES;
				IPHONEOS_DEPLOYMENT_TARGET = 8.4;
				MTL_ENABLE_DEBUG_INFO = NO;
				SDKROOT = iphoneos;
				VALIDATE_PRODUCT = YES;
			};
			name = Release;
		};
		4C003B0B1B799305007DEFC8 /* Debug */ = {
			isa = XCBuildConfiguration;
			buildSettings = {
				ASSETCATALOG_COMPILER_APPICON_NAME = AppIcon;
				INFOPLIST_FILE = VirtualTourist/Info.plist;
				LD_RUNPATH_SEARCH_PATHS = "$(inherited) @executable_path/Frameworks";
				PRODUCT_NAME = "$(TARGET_NAME)";
			};
			name = Debug;
		};
		4C003B0C1B799305007DEFC8 /* Release */ = {
			isa = XCBuildConfiguration;
			buildSettings = {
				ASSETCATALOG_COMPILER_APPICON_NAME = AppIcon;
				INFOPLIST_FILE = VirtualTourist/Info.plist;
				LD_RUNPATH_SEARCH_PATHS = "$(inherited) @executable_path/Frameworks";
				PRODUCT_NAME = "$(TARGET_NAME)";
			};
			name = Release;
		};
		4C003B0E1B799305007DEFC8 /* Debug */ = {
			isa = XCBuildConfiguration;
			buildSettings = {
				BUNDLE_LOADER = "$(TEST_HOST)";
				FRAMEWORK_SEARCH_PATHS = (
					"$(SDKROOT)/Developer/Library/Frameworks",
					"$(inherited)",
				);
				GCC_PREPROCESSOR_DEFINITIONS = (
					"DEBUG=1",
					"$(inherited)",
				);
				INFOPLIST_FILE = VirtualTouristTests/Info.plist;
				LD_RUNPATH_SEARCH_PATHS = "$(inherited) @executable_path/Frameworks @loader_path/Frameworks";
				PRODUCT_NAME = "$(TARGET_NAME)";
				TEST_HOST = "$(BUILT_PRODUCTS_DIR)/VirtualTourist.app/VirtualTourist";
			};
			name = Debug;
		};
		4C003B0F1B799305007DEFC8 /* Release */ = {
			isa = XCBuildConfiguration;
			buildSettings = {
				BUNDLE_LOADER = "$(TEST_HOST)";
				FRAMEWORK_SEARCH_PATHS = (
					"$(SDKROOT)/Developer/Library/Frameworks",
					"$(inherited)",
				);
				INFOPLIST_FILE = VirtualTouristTests/Info.plist;
				LD_RUNPATH_SEARCH_PATHS = "$(inherited) @executable_path/Frameworks @loader_path/Frameworks";
				PRODUCT_NAME = "$(TARGET_NAME)";
				TEST_HOST = "$(BUILT_PRODUCTS_DIR)/VirtualTourist.app/VirtualTourist";
			};
			name = Release;
		};
/* End XCBuildConfiguration section */

/* Begin XCConfigurationList section */
		4C003AE61B799305007DEFC8 /* Build configuration list for PBXProject "VirtualTourist" */ = {
			isa = XCConfigurationList;
			buildConfigurations = (
				4C003B081B799305007DEFC8 /* Debug */,
				4C003B091B799305007DEFC8 /* Release */,
			);
			defaultConfigurationIsVisible = 0;
			defaultConfigurationName = Release;
		};
		4C003B0A1B799305007DEFC8 /* Build configuration list for PBXNativeTarget "VirtualTourist" */ = {
			isa = XCConfigurationList;
			buildConfigurations = (
				4C003B0B1B799305007DEFC8 /* Debug */,
				4C003B0C1B799305007DEFC8 /* Release */,
			);
			defaultConfigurationIsVisible = 0;
			defaultConfigurationName = Release;
		};
		4C003B0D1B799305007DEFC8 /* Build configuration list for PBXNativeTarget "VirtualTouristTests" */ = {
			isa = XCConfigurationList;
			buildConfigurations = (
				4C003B0E1B799305007DEFC8 /* Debug */,
				4C003B0F1B799305007DEFC8 /* Release */,
			);
			defaultConfigurationIsVisible = 0;
			defaultConfigurationName = Release;
		};
/* End XCConfigurationList section */

/* Begin XCVersionGroup section */
		4C003B221B7AC701007DEFC8 /* Model.xcdatamodeld */ = {
			isa = XCVersionGroup;
			children = (
				4C003B231B7AC701007DEFC8 /* Model.xcdatamodel */,
			);
			currentVersion = 4C003B231B7AC701007DEFC8 /* Model.xcdatamodel */;
			path = Model.xcdatamodeld;
			sourceTree = "<group>";
			versionGroupType = wrapper.xcdatamodel;
		};
/* End XCVersionGroup section */
	};
	rootObject = 4C003AE31B799305007DEFC8 /* Project object */;
}
